
Microsoft Visual Studio Solution File, Format Version 12.00
# Visual Studio 15
VisualStudioVersion = 15.0.28307.645
MinimumVisualStudioVersion = 10.0.40219.1
Project("{FAE04EC0-301F-11D3-BF4B-00C04F79EFBC}") = "NylanderCallouts", "NylanderCallouts\NylanderCallouts.csproj", "{40FEBC6C-401C-4E46-876A-4BD281FED24A}"
EndProject
Global
	GlobalSection(SolutionConfigurationPlatforms) = preSolution
		Debug|Any CPU = Debug|Any CPU
		Release|Any CPU = Release|Any CPU
	EndGlobalSection
	GlobalSection(ProjectConfigurationPlatforms) = postSolution
		{40FEBC6C-401C-4E46-876A-4BD281FED24A}.Debug|Any CPU.ActiveCfg = Debug|Any CPU
		{40FEBC6C-401C-4E46-876A-4BD281FED24A}.Debug|Any CPU.Build.0 = Debug|Any CPU
		{40FEBC6C-401C-4E46-876A-4BD281FED24A}.Release|Any CPU.ActiveCfg = Release|Any CPU
		{40FEBC6C-401C-4E46-876A-4BD281FED24A}.Release|Any CPU.Build.0 = Release|Any CPU
	EndGlobalSection
	GlobalSection(SolutionProperties) = preSolution
		HideSolutionNode = FALSE
	EndGlobalSection
	GlobalSection(ExtensibilityGlobals) = postSolution
		SolutionGuid = {69695FBE-345E-43EF-B23C-AC44690447FD}
	EndGlobalSection
EndGlobal
